
Microsoft Visual Studio Solution File, Format Version 12.00
# Visual Studio Version 17
VisualStudioVersion = 17.9.34714.143
MinimumVisualStudioVersion = 10.0.40219.1
Project("{8BC9CEB8-8B4A-11D0-8D11-00A0C91BC942}") = "red_black_tree", "red_black_tree.vcxproj", "{3F9C5A77-CC0B-4AD4-9CA2-44CDA4D9DB21}"
EndProject
Global
	GlobalSection(SolutionConfigurationPlatforms) = preSolution
		Debug|x64 = Debug|x64
		Debug|x86 = Debug|x86
		Release|x64 = Release|x64
		Release|x86 = Release|x86
	EndGlobalSection
	GlobalSection(ProjectConfigurationPlatforms) = postSolution
		{3F9C5A77-CC0B-4AD4-9CA2-44CDA4D9DB21}.Debug|x64.ActiveCfg = Debug|x64
		{3F9C5A77-CC0B-4AD4-9CA2-44CDA4D9DB21}.Debug|x64.Build.0 = Debug|x64
		{3F9C5A77-CC0B-4AD4-9CA2-44CDA4D9DB21}.Debug|x86.ActiveCfg = Debug|Win32
		{3F9C5A77-CC0B-4AD4-9CA2-44CDA4D9DB21}.Debug|x86.Build.0 = Debug|Win32
		{3F9C5A77-CC0B-4AD4-9CA2-44CDA4D9DB21}.Release|x64.ActiveCfg = Release|x64
		{3F9C5A77-CC0B-4AD4-9CA2-44CDA4D9DB21}.Release|x64.Build.0 = Release|x64
		{3F9C5A77-CC0B-4AD4-9CA2-44CDA4D9DB21}.Release|x86.ActiveCfg = Release|Win32
		{3F9C5A77-CC0B-4AD4-9CA2-44CDA4D9DB21}.Release|x86.Build.0 = Release|Win32
	EndGlobalSection
	GlobalSection(SolutionProperties) = preSolution
		HideSolutionNode = FALSE
	EndGlobalSection
	GlobalSection(ExtensibilityGlobals) = postSolution
		SolutionGuid = {DF1B516D-E0B5-466E-880B-FA488C4C62F6}
	EndGlobalSection
EndGlobal
